
Microsoft Visual Studio Solution File, Format Version 12.00
# Visual Studio Version 17
VisualStudioVersion = 17.12.35527.113
MinimumVisualStudioVersion = 10.0.40219.1
Project("{2150E333-8FDC-42A3-9474-1A3956D46DE8}") = "Src", "Src", "{37973ACA-7CBB-4822-9F2A-CCA1AB2ECE4F}"
EndProject
Project("{2150E333-8FDC-42A3-9474-1A3956D46DE8}") = "01-Domain", "01-Domain", "{31A9C324-D9D5-4DA2-A0D1-409CA19EB612}"
EndProject
Project("{2150E333-8FDC-42A3-9474-1A3956D46DE8}") = "02-Infrastructure", "02-Infrastructure", "{BE563794-A35B-475D-808D-D0D7406EB2A2}"
EndProject
Project("{2150E333-8FDC-42A3-9474-1A3956D46DE8}") = "03-EndPoint", "03-EndPoint", "{D3BD4B4B-7B4B-467E-8EBD-5984266F5FD8}"
EndProject
Project("{2150E333-8FDC-42A3-9474-1A3956D46DE8}") = "1-Core", "1-Core", "{C07038A3-D68B-4316-9CB2-035513B3E529}"
EndProject
Project("{2150E333-8FDC-42A3-9474-1A3956D46DE8}") = "2-AppService", "2-AppService", "{24E94BE7-DCE9-4217-912C-3090467CDBE3}"
EndProject
Project("{2150E333-8FDC-42A3-9474-1A3956D46DE8}") = "3-Service", "3-Service", "{67E9A6A1-F020-4566-B3EE-C8BB8653134A}"
EndProject
Project("{2150E333-8FDC-42A3-9474-1A3956D46DE8}") = "DataAccess", "DataAccess", "{4D5B3753-FEB1-4E29-8FAA-4AC78FEA53E5}"
EndProject
Project("{2150E333-8FDC-42A3-9474-1A3956D46DE8}") = "DataBase", "DataBase", "{C950AA20-B053-48CE-9080-0D6442774178}"
EndProject
Project("{FAE04EC0-301F-11D3-BF4B-00C04F79EFBC}") = "Src.Domain.Core", "Src.Domain.Core\Src.Domain.Core.csproj", "{693B61FB-4055-431E-821B-3504A4E088D6}"
EndProject
Project("{FAE04EC0-301F-11D3-BF4B-00C04F79EFBC}") = "Src.Domain.AppService", "Src.Domain.AppService\Src.Domain.AppService.csproj", "{4232EB7D-955A-49D6-978A-F5CAFDAE3494}"
EndProject
Project("{FAE04EC0-301F-11D3-BF4B-00C04F79EFBC}") = "Src.Domain.Service", "Src.Domain.Service\Src.Domain.Service.csproj", "{A56523F3-7BA0-4CB9-8DEC-10F6324C9D3E}"
EndProject
Project("{FAE04EC0-301F-11D3-BF4B-00C04F79EFBC}") = "Src.Infra.DataAccess.repos.Ef", "Src.Infra.DataAccess.repos.Ef\Src.Infra.DataAccess.repos.Ef.csproj", "{E969A553-D0C2-4047-A3ED-0D0AAF263357}"
EndProject
Project("{FAE04EC0-301F-11D3-BF4B-00C04F79EFBC}") = "Src.Infra.DataBase.SqlServer.Ef", "Src.Infra.DataBase.SqlServer.Ef\Src.Infra.DataBase.SqlServer.Ef.csproj", "{A2969192-0219-4850-B724-CF629DD59894}"
EndProject
Project("{FAE04EC0-301F-11D3-BF4B-00C04F79EFBC}") = "Src.EndPoint.MVC.AppointmentSystem", "Src.EndPoint.MVC.AppointmentSystem\Src.EndPoint.MVC.AppointmentSystem.csproj", "{FFA07C3E-50C3-4DC3-A233-24A3B1C0D892}"
EndProject
Project("{FAE04EC0-301F-11D3-BF4B-00C04F79EFBC}") = "Src.EndPoint.API.AppointmentSystem", "Src.EndPoint.API.AppointmentSystem\Src.EndPoint.API.AppointmentSystem.csproj", "{45A42E73-B5D7-41B1-8738-37CBCEB973AF}"
EndProject
Global
	GlobalSection(SolutionConfigurationPlatforms) = preSolution
		Debug|Any CPU = Debug|Any CPU
		Release|Any CPU = Release|Any CPU
	EndGlobalSection
	GlobalSection(ProjectConfigurationPlatforms) = postSolution
		{693B61FB-4055-431E-821B-3504A4E088D6}.Debug|Any CPU.ActiveCfg = Debug|Any CPU
		{693B61FB-4055-431E-821B-3504A4E088D6}.Debug|Any CPU.Build.0 = Debug|Any CPU
		{693B61FB-4055-431E-821B-3504A4E088D6}.Release|Any CPU.ActiveCfg = Release|Any CPU
		{693B61FB-4055-431E-821B-3504A4E088D6}.Release|Any CPU.Build.0 = Release|Any CPU
		{4232EB7D-955A-49D6-978A-F5CAFDAE3494}.Debug|Any CPU.ActiveCfg = Debug|Any CPU
		{4232EB7D-955A-49D6-978A-F5CAFDAE3494}.Debug|Any CPU.Build.0 = Debug|Any CPU
		{4232EB7D-955A-49D6-978A-F5CAFDAE3494}.Release|Any CPU.ActiveCfg = Release|Any CPU
		{4232EB7D-955A-49D6-978A-F5CAFDAE3494}.Release|Any CPU.Build.0 = Release|Any CPU
		{A56523F3-7BA0-4CB9-8DEC-10F6324C9D3E}.Debug|Any CPU.ActiveCfg = Debug|Any CPU
		{A56523F3-7BA0-4CB9-8DEC-10F6324C9D3E}.Debug|Any CPU.Build.0 = Debug|Any CPU
		{A56523F3-7BA0-4CB9-8DEC-10F6324C9D3E}.Release|Any CPU.ActiveCfg = Release|Any CPU
		{A56523F3-7BA0-4CB9-8DEC-10F6324C9D3E}.Release|Any CPU.Build.0 = Release|Any CPU
		{E969A553-D0C2-4047-A3ED-0D0AAF263357}.Debug|Any CPU.ActiveCfg = Debug|Any CPU
		{E969A553-D0C2-4047-A3ED-0D0AAF263357}.Debug|Any CPU.Build.0 = Debug|Any CPU
		{E969A553-D0C2-4047-A3ED-0D0AAF263357}.Release|Any CPU.ActiveCfg = Release|Any CPU
		{E969A553-D0C2-4047-A3ED-0D0AAF263357}.Release|Any CPU.Build.0 = Release|Any CPU
		{A2969192-0219-4850-B724-CF629DD59894}.Debug|Any CPU.ActiveCfg = Debug|Any CPU
		{A2969192-0219-4850-B724-CF629DD59894}.Debug|Any CPU.Build.0 = Debug|Any CPU
		{A2969192-0219-4850-B724-CF629DD59894}.Release|Any CPU.ActiveCfg = Release|Any CPU
		{A2969192-0219-4850-B724-CF629DD59894}.Release|Any CPU.Build.0 = Release|Any CPU
		{FFA07C3E-50C3-4DC3-A233-24A3B1C0D892}.Debug|Any CPU.ActiveCfg = Debug|Any CPU
		{FFA07C3E-50C3-4DC3-A233-24A3B1C0D892}.Debug|Any CPU.Build.0 = Debug|Any CPU
		{FFA07C3E-50C3-4DC3-A233-24A3B1C0D892}.Release|Any CPU.ActiveCfg = Release|Any CPU
		{FFA07C3E-50C3-4DC3-A233-24A3B1C0D892}.Release|Any CPU.Build.0 = Release|Any CPU
		{45A42E73-B5D7-41B1-8738-37CBCEB973AF}.Debug|Any CPU.ActiveCfg = Debug|Any CPU
		{45A42E73-B5D7-41B1-8738-37CBCEB973AF}.Debug|Any CPU.Build.0 = Debug|Any CPU
		{45A42E73-B5D7-41B1-8738-37CBCEB973AF}.Release|Any CPU.ActiveCfg = Release|Any CPU
		{45A42E73-B5D7-41B1-8738-37CBCEB973AF}.Release|Any CPU.Build.0 = Release|Any CPU
	EndGlobalSection
	GlobalSection(SolutionProperties) = preSolution
		HideSolutionNode = FALSE
	EndGlobalSection
	GlobalSection(NestedProjects) = preSolution
		{31A9C324-D9D5-4DA2-A0D1-409CA19EB612} = {37973ACA-7CBB-4822-9F2A-CCA1AB2ECE4F}
		{BE563794-A35B-475D-808D-D0D7406EB2A2} = {37973ACA-7CBB-4822-9F2A-CCA1AB2ECE4F}
		{D3BD4B4B-7B4B-467E-8EBD-5984266F5FD8} = {37973ACA-7CBB-4822-9F2A-CCA1AB2ECE4F}
		{C07038A3-D68B-4316-9CB2-035513B3E529} = {31A9C324-D9D5-4DA2-A0D1-409CA19EB612}
		{24E94BE7-DCE9-4217-912C-3090467CDBE3} = {31A9C324-D9D5-4DA2-A0D1-409CA19EB612}
		{67E9A6A1-F020-4566-B3EE-C8BB8653134A} = {31A9C324-D9D5-4DA2-A0D1-409CA19EB612}
		{4D5B3753-FEB1-4E29-8FAA-4AC78FEA53E5} = {BE563794-A35B-475D-808D-D0D7406EB2A2}
		{C950AA20-B053-48CE-9080-0D6442774178} = {BE563794-A35B-475D-808D-D0D7406EB2A2}
		{693B61FB-4055-431E-821B-3504A4E088D6} = {C07038A3-D68B-4316-9CB2-035513B3E529}
		{4232EB7D-955A-49D6-978A-F5CAFDAE3494} = {24E94BE7-DCE9-4217-912C-3090467CDBE3}
		{A56523F3-7BA0-4CB9-8DEC-10F6324C9D3E} = {67E9A6A1-F020-4566-B3EE-C8BB8653134A}
		{E969A553-D0C2-4047-A3ED-0D0AAF263357} = {4D5B3753-FEB1-4E29-8FAA-4AC78FEA53E5}
		{A2969192-0219-4850-B724-CF629DD59894} = {C950AA20-B053-48CE-9080-0D6442774178}
		{FFA07C3E-50C3-4DC3-A233-24A3B1C0D892} = {D3BD4B4B-7B4B-467E-8EBD-5984266F5FD8}
		{45A42E73-B5D7-41B1-8738-37CBCEB973AF} = {D3BD4B4B-7B4B-467E-8EBD-5984266F5FD8}
	EndGlobalSection
EndGlobal
